
Microsoft Visual Studio Solution File, Format Version 12.00
# Visual Studio Version 17
VisualStudioVersion = 17.5.33424.131
MinimumVisualStudioVersion = 10.0.40219.1
Project("{FAE04EC0-301F-11D3-BF4B-00C04F79EFBC}") = "clubMemberIndexer", "Assignment3Week1\clubMemberIndexer.csproj", "{48A8ED75-2841-4008-BE91-836EEBABA245}"
EndProject
Global
	GlobalSection(SolutionConfigurationPlatforms) = preSolution
		Debug|Any CPU = Debug|Any CPU
		Release|Any CPU = Release|Any CPU
	EndGlobalSection
	GlobalSection(ProjectConfigurationPlatforms) = postSolution
		{48A8ED75-2841-4008-BE91-836EEBABA245}.Debug|Any CPU.ActiveCfg = Debug|Any CPU
		{48A8ED75-2841-4008-BE91-836EEBABA245}.Debug|Any CPU.Build.0 = Debug|Any CPU
		{48A8ED75-2841-4008-BE91-836EEBABA245}.Release|Any CPU.ActiveCfg = Release|Any CPU
		{48A8ED75-2841-4008-BE91-836EEBABA245}.Release|Any CPU.Build.0 = Release|Any CPU
	EndGlobalSection
	GlobalSection(SolutionProperties) = preSolution
		HideSolutionNode = FALSE
	EndGlobalSection
	GlobalSection(ExtensibilityGlobals) = postSolution
		SolutionGuid = {2092473B-44FA-4C76-966D-6DAE55400F0D}
	EndGlobalSection
EndGlobal
